
Microsoft Visual Studio Solution File, Format Version 12.00
Project("{2150E333-8FDC-42A3-9474-1A3956D46DE8}") = "src", "src", "{AB45312C-22C9-4BB6-8EE7-7794BBB6DCFE}"
EndProject
Project("{2150E333-8FDC-42A3-9474-1A3956D46DE8}") = "tests", "tests", "{CED43881-7FC6-46D1-AFF8-3A6EF6581B08}"
EndProject
Project("{FAE04EC0-301F-11D3-BF4B-00C04F79EFBC}") = "Domain", "src\Domain\Domain.csproj", "{DACC6E21-0770-4228-8722-7DEFAD469851}"
EndProject
Project("{FAE04EC0-301F-11D3-BF4B-00C04F79EFBC}") = "DAL", "src\DAL\DAL.csproj", "{A4D5A706-633D-4961-A743-37B646A188E7}"
EndProject
Project("{FAE04EC0-301F-11D3-BF4B-00C04F79EFBC}") = "BLL", "src\BLL\BLL.csproj", "{A5AD0E46-763C-44A3-97C6-5BE26BD29EAC}"
EndProject
Project("{FAE04EC0-301F-11D3-BF4B-00C04F79EFBC}") = "API", "src\API\API.csproj", "{01E78272-D485-40DF-8036-32540C4ACC4B}"
EndProject
Project("{FAE04EC0-301F-11D3-BF4B-00C04F79EFBC}") = "Tests.Common", "tests\Tests.Common\Tests.Common.csproj", "{E8C99F87-742D-48A6-B770-5BE1A01E57DD}"
EndProject
Project("{FAE04EC0-301F-11D3-BF4B-00C04F79EFBC}") = "Api.Tests.Integration", "tests\Api.Tests.Integration\Api.Tests.Integration.csproj", "{9B296A6D-B3D0-461D-95A9-AC0199B9990F}"
EndProject
Project("{FAE04EC0-301F-11D3-BF4B-00C04F79EFBC}") = "TestsData", "tests\TestsData\TestsData.csproj", "{94901309-8E83-4FB9-86FD-B21C2A366C0C}"
EndProject
Project("{2150E333-8FDC-42A3-9474-1A3956D46DE8}") = "Docker", "Docker", "{24462C6D-56FB-4415-BE1A-931669CEC290}"
	ProjectSection(SolutionItems) = preProject
		.dockerignore = .dockerignore
		docker-compose.yml = docker-compose.yml
		Dockerfile = Dockerfile
		.env = .env
	EndProjectSection
EndProject
Project("{2150E333-8FDC-42A3-9474-1A3956D46DE8}") = ".github", ".github", "{9C6578E7-E4FE-79BB-1635-F363CC1E80DD}"
	ProjectSection(SolutionItems) = preProject
		.github\workflows\ci-cd.yml = .github\workflows\ci-cd.yml
	EndProjectSection
EndProject
Global
	GlobalSection(SolutionConfigurationPlatforms) = preSolution
		Debug|Any CPU = Debug|Any CPU
		Release|Any CPU = Release|Any CPU
	EndGlobalSection
	GlobalSection(ProjectConfigurationPlatforms) = postSolution
		{DACC6E21-0770-4228-8722-7DEFAD469851}.Debug|Any CPU.ActiveCfg = Debug|Any CPU
		{DACC6E21-0770-4228-8722-7DEFAD469851}.Debug|Any CPU.Build.0 = Debug|Any CPU
		{DACC6E21-0770-4228-8722-7DEFAD469851}.Release|Any CPU.ActiveCfg = Release|Any CPU
		{DACC6E21-0770-4228-8722-7DEFAD469851}.Release|Any CPU.Build.0 = Release|Any CPU
		{A4D5A706-633D-4961-A743-37B646A188E7}.Debug|Any CPU.ActiveCfg = Debug|Any CPU
		{A4D5A706-633D-4961-A743-37B646A188E7}.Debug|Any CPU.Build.0 = Debug|Any CPU
		{A4D5A706-633D-4961-A743-37B646A188E7}.Release|Any CPU.ActiveCfg = Release|Any CPU
		{A4D5A706-633D-4961-A743-37B646A188E7}.Release|Any CPU.Build.0 = Release|Any CPU
		{A5AD0E46-763C-44A3-97C6-5BE26BD29EAC}.Debug|Any CPU.ActiveCfg = Debug|Any CPU
		{A5AD0E46-763C-44A3-97C6-5BE26BD29EAC}.Debug|Any CPU.Build.0 = Debug|Any CPU
		{A5AD0E46-763C-44A3-97C6-5BE26BD29EAC}.Release|Any CPU.ActiveCfg = Release|Any CPU
		{A5AD0E46-763C-44A3-97C6-5BE26BD29EAC}.Release|Any CPU.Build.0 = Release|Any CPU
		{01E78272-D485-40DF-8036-32540C4ACC4B}.Debug|Any CPU.ActiveCfg = Debug|Any CPU
		{01E78272-D485-40DF-8036-32540C4ACC4B}.Debug|Any CPU.Build.0 = Debug|Any CPU
		{01E78272-D485-40DF-8036-32540C4ACC4B}.Release|Any CPU.ActiveCfg = Release|Any CPU
		{01E78272-D485-40DF-8036-32540C4ACC4B}.Release|Any CPU.Build.0 = Release|Any CPU
		{E8C99F87-742D-48A6-B770-5BE1A01E57DD}.Debug|Any CPU.ActiveCfg = Debug|Any CPU
		{E8C99F87-742D-48A6-B770-5BE1A01E57DD}.Debug|Any CPU.Build.0 = Debug|Any CPU
		{E8C99F87-742D-48A6-B770-5BE1A01E57DD}.Release|Any CPU.ActiveCfg = Release|Any CPU
		{E8C99F87-742D-48A6-B770-5BE1A01E57DD}.Release|Any CPU.Build.0 = Release|Any CPU
		{9B296A6D-B3D0-461D-95A9-AC0199B9990F}.Debug|Any CPU.ActiveCfg = Debug|Any CPU
		{9B296A6D-B3D0-461D-95A9-AC0199B9990F}.Debug|Any CPU.Build.0 = Debug|Any CPU
		{9B296A6D-B3D0-461D-95A9-AC0199B9990F}.Release|Any CPU.ActiveCfg = Release|Any CPU
		{9B296A6D-B3D0-461D-95A9-AC0199B9990F}.Release|Any CPU.Build.0 = Release|Any CPU
		{94901309-8E83-4FB9-86FD-B21C2A366C0C}.Debug|Any CPU.ActiveCfg = Debug|Any CPU
		{94901309-8E83-4FB9-86FD-B21C2A366C0C}.Debug|Any CPU.Build.0 = Debug|Any CPU
		{94901309-8E83-4FB9-86FD-B21C2A366C0C}.Release|Any CPU.ActiveCfg = Release|Any CPU
		{94901309-8E83-4FB9-86FD-B21C2A366C0C}.Release|Any CPU.Build.0 = Release|Any CPU
	EndGlobalSection
	GlobalSection(SolutionProperties) = preSolution
		HideSolutionNode = FALSE
	EndGlobalSection
	GlobalSection(NestedProjects) = preSolution
		{DACC6E21-0770-4228-8722-7DEFAD469851} = {AB45312C-22C9-4BB6-8EE7-7794BBB6DCFE}
		{A4D5A706-633D-4961-A743-37B646A188E7} = {AB45312C-22C9-4BB6-8EE7-7794BBB6DCFE}
		{A5AD0E46-763C-44A3-97C6-5BE26BD29EAC} = {AB45312C-22C9-4BB6-8EE7-7794BBB6DCFE}
		{01E78272-D485-40DF-8036-32540C4ACC4B} = {AB45312C-22C9-4BB6-8EE7-7794BBB6DCFE}
		{E8C99F87-742D-48A6-B770-5BE1A01E57DD} = {CED43881-7FC6-46D1-AFF8-3A6EF6581B08}
		{9B296A6D-B3D0-461D-95A9-AC0199B9990F} = {CED43881-7FC6-46D1-AFF8-3A6EF6581B08}
		{94901309-8E83-4FB9-86FD-B21C2A366C0C} = {CED43881-7FC6-46D1-AFF8-3A6EF6581B08}
	EndGlobalSection
EndGlobal
